{
  "name": "portal-ui",
  "lockfileVersion": 3,
  "requires": true,
  "packages": {
    "node_modules/@swc/core": {
      "version": "1.10.12",
      "resolved": "https://registry.npmjs.org/@swc/core/-/core-1.10.12.tgz",
      "integrity": "sha512-+iUL0PYpPm6N9AdV1wvafakvCqFegQus1aoEDxgFsv3/uNVNIyRaupf/v/Zkp5hbep2EzhtoJR0aiJIzDbXWHg==",
      "dev": true,
      "hasInstallScript": true,
      "dependencies": {
        "@swc/counter": "^0.1.3",
        "@swc/types": "^0.1.17"
      },
      "engines": {
        "node": ">=10"
      },
      "funding": {
        "type": "opencollective",
        "url": "https://opencollective.com/swc"
      },
      "optionalDependencies": {
        "@swc/core-darwin-arm64": "1.10.12",
        "@swc/core-darwin-x64": "1.10.12",
        "@swc/core-linux-arm-gnueabihf": "1.10.12",
        "@swc/core-linux-arm64-gnu": "1.10.12",
        "@swc/core-linux-arm64-musl": "1.10.12",
        "@swc/core-linux-x64-gnu": "1.10.12",
        "@swc/core-linux-x64-musl": "1.10.12",
        "@swc/core-win32-arm64-msvc": "1.10.12",
        "@swc/core-win32-ia32-msvc": "1.10.12",
        "@swc/core-win32-x64-msvc": "1.10.12"
      },
      "peerDependencies": {
        "@swc/helpers": "*"
      },
      "peerDependenciesMeta": {
        "@swc/helpers": {
          "optional": true
        }
      }
    },
    "node_modules/@swc/core-darwin-arm64": {
      "version": "1.10.12",
      "resolved": "https://registry.npmjs.org/@swc/core-darwin-arm64/-/core-darwin-arm64-1.10.12.tgz",
      "integrity": "sha512-pOANQegUTAriW7jq3SSMZGM5l89yLVMs48R0F2UG6UZsH04SiViCnDctOGlA/Sa++25C+rL9MGMYM1jDLylBbg==",
      "cpu": [
        "arm64"
      ],
      "dev": true,
      "optional": true,
      "os": [
        "darwin"
      ],
      "engines": {
        "node": ">=10"
      }
    },
    "node_modules/@swc/counter": {
      "version": "0.1.3",
      "resolved": "https://registry.npmjs.org/@swc/counter/-/counter-0.1.3.tgz",
      "integrity": "sha512-e2BR4lsJkkRlKZ/qCHPw9ZaSxc0MVUd7gtbtaB7aMvHeJVYe8sOB8DBZkP2DtISHGSku9sCK6T6cnY0CtXrOCQ==",
      "dev": true
    },
    "node_modules/@swc/types": {
      "version": "0.1.17",
      "resolved": "https://registry.npmjs.org/@swc/types/-/types-0.1.17.tgz",
      "integrity": "sha512-V5gRru+aD8YVyCOMAjMpWR1Ui577DD5KSJsHP8RAxopAH22jFz6GZd/qxqjO6MJHQhcsjvjOFXyDhyLQUnMveQ==",
      "dev": true,
      "dependencies": {
        "@swc/counter": "^0.1.3"
      }
    }
  }
}
